// !$*UTF8*$!
{
	archiveVersion = 1;
	classes = {
	};
	objectVersion = 56;
	objects = {

/* Begin PBXBuildFile section */
		2DF2B2192BB565810056A57E /* AppDelegate.swift in Sources */ = {isa = PBXBuildFile; fileRef = 2DF2B2182BB565810056A57E /* AppDelegate.swift */; };
		2DF2B21B2BB565810056A57E /* SceneDelegate.swift in Sources */ = {isa = PBXBuildFile; fileRef = 2DF2B21A2BB565810056A57E /* SceneDelegate.swift */; };
		2DF2B21D2BB565810056A57E /* ViewController.swift in Sources */ = {isa = PBXBuildFile; fileRef = 2DF2B21C2BB565810056A57E /* ViewController.swift */; };
		2DF2B2222BB565830056A57E /* Assets.xcassets in Resources */ = {isa = PBXBuildFile; fileRef = 2DF2B2212BB565830056A57E /* Assets.xcassets */; };
		2DF2B2252BB565830056A57E /* Base in Resources */ = {isa = PBXBuildFile; fileRef = 2DF2B2242BB565830056A57E /* Base */; };
		2DF2B2302BB565830056A57E /* SplitwiseTests.swift in Sources */ = {isa = PBXBuildFile; fileRef = 2DF2B22F2BB565830056A57E /* SplitwiseTests.swift */; };
		2DF2B23A2BB565830056A57E /* SplitwiseUITests.swift in Sources */ = {isa = PBXBuildFile; fileRef = 2DF2B2392BB565830056A57E /* SplitwiseUITests.swift */; };
		2DF2B23C2BB565830056A57E /* SplitwiseUITestsLaunchTests.swift in Sources */ = {isa = PBXBuildFile; fileRef = 2DF2B23B2BB565830056A57E /* SplitwiseUITestsLaunchTests.swift */; };
		2DF2B2492BB5662A0056A57E /* AddExpenseViewController.swift in Sources */ = {isa = PBXBuildFile; fileRef = 2DF2B2482BB5662A0056A57E /* AddExpenseViewController.swift */; };
		2DF2B24B2BB566700056A57E /* AddExpenseView.swift in Sources */ = {isa = PBXBuildFile; fileRef = 2DF2B24A2BB566700056A57E /* AddExpenseView.swift */; };
		2DF2B24E2BB567670056A57E /* SnapKit in Frameworks */ = {isa = PBXBuildFile; productRef = 2DF2B24D2BB567670056A57E /* SnapKit */; };
		2DF2B2502BB567670056A57E /* SnapKit-Dynamic in Frameworks */ = {isa = PBXBuildFile; productRef = 2DF2B24F2BB567670056A57E /* SnapKit-Dynamic */; };
		2DF2B2522BB5697F0056A57E /* ExpenseViewModel.swift in Sources */ = {isa = PBXBuildFile; fileRef = 2DF2B2512BB5697F0056A57E /* ExpenseViewModel.swift */; };
		2DF2B2542BB570830056A57E /* ExpenseModel.swift in Sources */ = {isa = PBXBuildFile; fileRef = 2DF2B2532BB570830056A57E /* ExpenseModel.swift */; };
		2DF2B2562BB576240056A57E /* ViewBalanceViewController.swift in Sources */ = {isa = PBXBuildFile; fileRef = 2DF2B2552BB576240056A57E /* ViewBalanceViewController.swift */; };
/* End PBXBuildFile section */

/* Begin PBXContainerItemProxy section */
		2DF2B22C2BB565830056A57E /* PBXContainerItemProxy */ = {
			isa = PBXContainerItemProxy;
			containerPortal = 2DF2B20D2BB565810056A57E /* Project object */;
			proxyType = 1;
			remoteGlobalIDString = 2DF2B2142BB565810056A57E;
			remoteInfo = Splitwise;
		};
		2DF2B2362BB565830056A57E /* PBXContainerItemProxy */ = {
			isa = PBXContainerItemProxy;
			containerPortal = 2DF2B20D2BB565810056A57E /* Project object */;
			proxyType = 1;
			remoteGlobalIDString = 2DF2B2142BB565810056A57E;
			remoteInfo = Splitwise;
		};
/* End PBXContainerItemProxy section */

/* Begin PBXFileReference section */
		2DF2B2152BB565810056A57E /* Splitwise.app */ = {isa = PBXFileReference; explicitFileType = wrapper.application; includeInIndex = 0; path = Splitwise.app; sourceTree = BUILT_PRODUCTS_DIR; };
		2DF2B2182BB565810056A57E /* AppDelegate.swift */ = {isa = PBXFileReference; lastKnownFileType = sourcecode.swift; path = AppDelegate.swift; sourceTree = "<group>"; };
		2DF2B21A2BB565810056A57E /* SceneDelegate.swift */ = {isa = PBXFileReference; lastKnownFileType = sourcecode.swift; path = SceneDelegate.swift; sourceTree = "<group>"; };
		2DF2B21C2BB565810056A57E /* ViewController.swift */ = {isa = PBXFileReference; lastKnownFileType = sourcecode.swift; path = ViewController.swift; sourceTree = "<group>"; };
		2DF2B2212BB565830056A57E /* Assets.xcassets */ = {isa = PBXFileReference; lastKnownFileType = folder.assetcatalog; path = Assets.xcassets; sourceTree = "<group>"; };
		2DF2B2242BB565830056A57E /* Base */ = {isa = PBXFileReference; lastKnownFileType = file.storyboard; name = Base; path = Base.lproj/LaunchScreen.storyboard; sourceTree = "<group>"; };
		2DF2B2262BB565830056A57E /* Info.plist */ = {isa = PBXFileReference; lastKnownFileType = text.plist.xml; path = Info.plist; sourceTree = "<group>"; };
		2DF2B22B2BB565830056A57E /* SplitwiseTests.xctest */ = {isa = PBXFileReference; explicitFileType = wrapper.cfbundle; includeInIndex = 0; path = SplitwiseTests.xctest; sourceTree = BUILT_PRODUCTS_DIR; };
		2DF2B22F2BB565830056A57E /* SplitwiseTests.swift */ = {isa = PBXFileReference; lastKnownFileType = sourcecode.swift; path = SplitwiseTests.swift; sourceTree = "<group>"; };
		2DF2B2352BB565830056A57E /* SplitwiseUITests.xctest */ = {isa = PBXFileReference; explicitFileType = wrapper.cfbundle; includeInIndex = 0; path = SplitwiseUITests.xctest; sourceTree = BUILT_PRODUCTS_DIR; };
		2DF2B2392BB565830056A57E /* SplitwiseUITests.swift */ = {isa = PBXFileReference; lastKnownFileType = sourcecode.swift; path = SplitwiseUITests.swift; sourceTree = "<group>"; };
		2DF2B23B2BB565830056A57E /* SplitwiseUITestsLaunchTests.swift */ = {isa = PBXFileReference; lastKnownFileType = sourcecode.swift; path = SplitwiseUITestsLaunchTests.swift; sourceTree = "<group>"; };
		2DF2B2482BB5662A0056A57E /* AddExpenseViewController.swift */ = {isa = PBXFileReference; lastKnownFileType = sourcecode.swift; path = AddExpenseViewController.swift; sourceTree = "<group>"; };
		2DF2B24A2BB566700056A57E /* AddExpenseView.swift */ = {isa = PBXFileReference; lastKnownFileType = sourcecode.swift; path = AddExpenseView.swift; sourceTree = "<group>"; };
		2DF2B2512BB5697F0056A57E /* ExpenseViewModel.swift */ = {isa = PBXFileReference; lastKnownFileType = sourcecode.swift; path = ExpenseViewModel.swift; sourceTree = "<group>"; };
		2DF2B2532BB570830056A57E /* ExpenseModel.swift */ = {isa = PBXFileReference; lastKnownFileType = sourcecode.swift; path = ExpenseModel.swift; sourceTree = "<group>"; };
		2DF2B2552BB576240056A57E /* ViewBalanceViewController.swift */ = {isa = PBXFileReference; lastKnownFileType = sourcecode.swift; path = ViewBalanceViewController.swift; sourceTree = "<group>"; };
/* End PBXFileReference section */

/* Begin PBXFrameworksBuildPhase section */
		2DF2B2122BB565810056A57E /* Frameworks */ = {
			isa = PBXFrameworksBuildPhase;
			buildActionMask = 2147483647;
			files = (
				2DF2B24E2BB567670056A57E /* SnapKit in Frameworks */,
				2DF2B2502BB567670056A57E /* SnapKit-Dynamic in Frameworks */,
			);
			runOnlyForDeploymentPostprocessing = 0;
		};
		2DF2B2282BB565830056A57E /* Frameworks */ = {
			isa = PBXFrameworksBuildPhase;
			buildActionMask = 2147483647;
			files = (
			);
			runOnlyForDeploymentPostprocessing = 0;
		};
		2DF2B2322BB565830056A57E /* Frameworks */ = {
			isa = PBXFrameworksBuildPhase;
			buildActionMask = 2147483647;
			files = (
			);
			runOnlyForDeploymentPostprocessing = 0;
		};
/* End PBXFrameworksBuildPhase section */

/* Begin PBXGroup section */
		2DF2B20C2BB565810056A57E = {
			isa = PBXGroup;
			children = (
				2DF2B2172BB565810056A57E /* Splitwise */,
				2DF2B22E2BB565830056A57E /* SplitwiseTests */,
				2DF2B2382BB565830056A57E /* SplitwiseUITests */,
				2DF2B2162BB565810056A57E /* Products */,
			);
			sourceTree = "<group>";
		};
		2DF2B2162BB565810056A57E /* Products */ = {
			isa = PBXGroup;
			children = (
				2DF2B2152BB565810056A57E /* Splitwise.app */,
				2DF2B22B2BB565830056A57E /* SplitwiseTests.xctest */,
				2DF2B2352BB565830056A57E /* SplitwiseUITests.xctest */,
			);
			name = Products;
			sourceTree = "<group>";
		};
		2DF2B2172BB565810056A57E /* Splitwise */ = {
			isa = PBXGroup;
			children = (
				2DF2B2182BB565810056A57E /* AppDelegate.swift */,
				2DF2B21A2BB565810056A57E /* SceneDelegate.swift */,
				2DF2B21C2BB565810056A57E /* ViewController.swift */,
				2DF2B2212BB565830056A57E /* Assets.xcassets */,
				2DF2B2232BB565830056A57E /* LaunchScreen.storyboard */,
				2DF2B2262BB565830056A57E /* Info.plist */,
				2DF2B2482BB5662A0056A57E /* AddExpenseViewController.swift */,
				2DF2B24A2BB566700056A57E /* AddExpenseView.swift */,
				2DF2B2512BB5697F0056A57E /* ExpenseViewModel.swift */,
				2DF2B2532BB570830056A57E /* ExpenseModel.swift */,
				2DF2B2552BB576240056A57E /* ViewBalanceViewController.swift */,
			);
			path = Splitwise;
			sourceTree = "<group>";
		};
		2DF2B22E2BB565830056A57E /* SplitwiseTests */ = {
			isa = PBXGroup;
			children = (
				2DF2B22F2BB565830056A57E /* SplitwiseTests.swift */,
			);
			path = SplitwiseTests;
			sourceTree = "<group>";
		};
		2DF2B2382BB565830056A57E /* SplitwiseUITests */ = {
			isa = PBXGroup;
			children = (
				2DF2B2392BB565830056A57E /* SplitwiseUITests.swift */,
				2DF2B23B2BB565830056A57E /* SplitwiseUITestsLaunchTests.swift */,
			);
			path = SplitwiseUITests;
			sourceTree = "<group>";
		};
/* End PBXGroup section */

/* Begin PBXNativeTarget section */
		2DF2B2142BB565810056A57E /* Splitwise */ = {
			isa = PBXNativeTarget;
			buildConfigurationList = 2DF2B23F2BB565830056A57E /* Build configuration list for PBXNativeTarget "Splitwise" */;
			buildPhases = (
				2DF2B2112BB565810056A57E /* Sources */,
				2DF2B2122BB565810056A57E /* Frameworks */,
				2DF2B2132BB565810056A57E /* Resources */,
			);
			buildRules = (
			);
			dependencies = (
			);
			name = Splitwise;
			packageProductDependencies = (
				2DF2B24D2BB567670056A57E /* SnapKit */,
				2DF2B24F2BB567670056A57E /* SnapKit-Dynamic */,
			);
			productName = Splitwise;
			productReference = 2DF2B2152BB565810056A57E /* Splitwise.app */;
			productType = "com.apple.product-type.application";
		};
		2DF2B22A2BB565830056A57E /* SplitwiseTests */ = {
			isa = PBXNativeTarget;
			buildConfigurationList = 2DF2B2422BB565830056A57E /* Build configuration list for PBXNativeTarget "SplitwiseTests" */;
			buildPhases = (
				2DF2B2272BB565830056A57E /* Sources */,
				2DF2B2282BB565830056A57E /* Frameworks */,
				2DF2B2292BB565830056A57E /* Resources */,
			);
			buildRules = (
			);
			dependencies = (
				2DF2B22D2BB565830056A57E /* PBXTargetDependency */,
			);
			name = SplitwiseTests;
			productName = SplitwiseTests;
			productReference = 2DF2B22B2BB565830056A57E /* SplitwiseTests.xctest */;
			productType = "com.apple.product-type.bundle.unit-test";
		};
		2DF2B2342BB565830056A57E /* SplitwiseUITests */ = {
			isa = PBXNativeTarget;
			buildConfigurationList = 2DF2B2452BB565830056A57E /* Build configuration list for PBXNativeTarget "SplitwiseUITests" */;
			buildPhases = (
				2DF2B2312BB565830056A57E /* Sources */,
				2DF2B2322BB565830056A57E /* Frameworks */,
				2DF2B2332BB565830056A57E /* Resources */,
			);
			buildRules = (
			);
			dependencies = (
				2DF2B2372BB565830056A57E /* PBXTargetDependency */,
			);
			name = SplitwiseUITests;
			productName = SplitwiseUITests;
			productReference = 2DF2B2352BB565830056A57E /* SplitwiseUITests.xctest */;
			productType = "com.apple.product-type.bundle.ui-testing";
		};
/* End PBXNativeTarget section */

/* Begin PBXProject section */
		2DF2B20D2BB565810056A57E /* Project object */ = {
			isa = PBXProject;
			attributes = {
				BuildIndependentTargetsInParallel = 1;
				LastSwiftUpdateCheck = 1530;
				LastUpgradeCheck = 1530;
				TargetAttributes = {
					2DF2B2142BB565810056A57E = {
						CreatedOnToolsVersion = 15.3;
					};
					2DF2B22A2BB565830056A57E = {
						CreatedOnToolsVersion = 15.3;
						TestTargetID = 2DF2B2142BB565810056A57E;
					};
					2DF2B2342BB565830056A57E = {
						CreatedOnToolsVersion = 15.3;
						TestTargetID = 2DF2B2142BB565810056A57E;
					};
				};
			};
			buildConfigurationList = 2DF2B2102BB565810056A57E /* Build configuration list for PBXProject "Splitwise" */;
			compatibilityVersion = "Xcode 14.0";
			developmentRegion = en;
			hasScannedForEncodings = 0;
			knownRegions = (
				en,
				Base,
			);
			mainGroup = 2DF2B20C2BB565810056A57E;
			packageReferences = (
				2DF2B24C2BB567670056A57E /* XCRemoteSwiftPackageReference "SnapKit" */,
			);
			productRefGroup = 2DF2B2162BB565810056A57E /* Products */;
			projectDirPath = "";
			projectRoot = "";
			targets = (
				2DF2B2142BB565810056A57E /* Splitwise */,
				2DF2B22A2BB565830056A57E /* SplitwiseTests */,
				2DF2B2342BB565830056A57E /* SplitwiseUITests */,
			);
		};
/* End PBXProject section */

/* Begin PBXResourcesBuildPhase section */
		2DF2B2132BB565810056A57E /* Resources */ = {
			isa = PBXResourcesBuildPhase;
			buildActionMask = 2147483647;
			files = (
				2DF2B2222BB565830056A57E /* Assets.xcassets in Resources */,
				2DF2B2252BB565830056A57E /* Base in Resources */,
			);
			runOnlyForDeploymentPostprocessing = 0;
		};
		2DF2B2292BB565830056A57E /* Resources */ = {
			isa = PBXResourcesBuildPhase;
			buildActionMask = 2147483647;
			files = (
			);
			runOnlyForDeploymentPostprocessing = 0;
		};
		2DF2B2332BB565830056A57E /* Resources */ = {
			isa = PBXResourcesBuildPhase;
			buildActionMask = 2147483647;
			files = (
			);
			runOnlyForDeploymentPostprocessing = 0;
		};
/* End PBXResourcesBuildPhase section */

/* Begin PBXSourcesBuildPhase section */
		2DF2B2112BB565810056A57E /* Sources */ = {
			isa = PBXSourcesBuildPhase;
			buildActionMask = 2147483647;
			files = (
				2DF2B21D2BB565810056A57E /* ViewController.swift in Sources */,
				2DF2B2542BB570830056A57E /* ExpenseModel.swift in Sources */,
				2DF2B2562BB576240056A57E /* ViewBalanceViewController.swift in Sources */,
				2DF2B2522BB5697F0056A57E /* ExpenseViewModel.swift in Sources */,
				2DF2B2492BB5662A0056A57E /* AddExpenseViewController.swift in Sources */,
				2DF2B24B2BB566700056A57E /* AddExpenseView.swift in Sources */,
				2DF2B2192BB565810056A57E /* AppDelegate.swift in Sources */,
				2DF2B21B2BB565810056A57E /* SceneDelegate.swift in Sources */,
			);
			runOnlyForDeploymentPostprocessing = 0;
		};
		2DF2B2272BB565830056A57E /* Sources */ = {
			isa = PBXSourcesBuildPhase;
			buildActionMask = 2147483647;
			files = (
				2DF2B2302BB565830056A57E /* SplitwiseTests.swift in Sources */,
			);
			runOnlyForDeploymentPostprocessing = 0;
		};
		2DF2B2312BB565830056A57E /* Sources */ = {
			isa = PBXSourcesBuildPhase;
			buildActionMask = 2147483647;
			files = (
				2DF2B23A2BB565830056A57E /* SplitwiseUITests.swift in Sources */,
				2DF2B23C2BB565830056A57E /* SplitwiseUITestsLaunchTests.swift in Sources */,
			);
			runOnlyForDeploymentPostprocessing = 0;
		};
/* End PBXSourcesBuildPhase section */

/* Begin PBXTargetDependency section */
		2DF2B22D2BB565830056A57E /* PBXTargetDependency */ = {
			isa = PBXTargetDependency;
			target = 2DF2B2142BB565810056A57E /* Splitwise */;
			targetProxy = 2DF2B22C2BB565830056A57E /* PBXContainerItemProxy */;
		};
		2DF2B2372BB565830056A57E /* PBXTargetDependency */ = {
			isa = PBXTargetDependency;
			target = 2DF2B2142BB565810056A57E /* Splitwise */;
			targetProxy = 2DF2B2362BB565830056A57E /* PBXContainerItemProxy */;
		};
/* End PBXTargetDependency section */

/* Begin PBXVariantGroup section */
		2DF2B2232BB565830056A57E /* LaunchScreen.storyboard */ = {
			isa = PBXVariantGroup;
			children = (
				2DF2B2242BB565830056A57E /* Base */,
			);
			name = LaunchScreen.storyboard;
			sourceTree = "<group>";
		};
/* End PBXVariantGroup section */

/* Begin XCBuildConfiguration section */
		2DF2B23D2BB565830056A57E /* Debug */ = {
			isa = XCBuildConfiguration;
			buildSettings = {
				ALWAYS_SEARCH_USER_PATHS = NO;
				ASSETCATALOG_COMPILER_GENERATE_SWIFT_ASSET_SYMBOL_EXTENSIONS = YES;
				CLANG_ANALYZER_NONNULL = YES;
				CLANG_ANALYZER_NUMBER_OBJECT_CONVERSION = YES_AGGRESSIVE;
				CLANG_CXX_LANGUAGE_STANDARD = "gnu++20";
				CLANG_ENABLE_MODULES = YES;
				CLANG_ENABLE_OBJC_ARC = YES;
				CLANG_ENABLE_OBJC_WEAK = YES;
				CLANG_WARN_BLOCK_CAPTURE_AUTORELEASING = YES;
				CLANG_WARN_BOOL_CONVERSION = YES;
				CLANG_WARN_COMMA = YES;
				CLANG_WARN_CONSTANT_CONVERSION = YES;
				CLANG_WARN_DEPRECATED_OBJC_IMPLEMENTATIONS = YES;
				CLANG_WARN_DIRECT_OBJC_ISA_USAGE = YES_ERROR;
				CLANG_WARN_DOCUMENTATION_COMMENTS = YES;
				CLANG_WARN_EMPTY_BODY = YES;
				CLANG_WARN_ENUM_CONVERSION = YES;
				CLANG_WARN_INFINITE_RECURSION = YES;
				CLANG_WARN_INT_CONVERSION = YES;
				CLANG_WARN_NON_LITERAL_NULL_CONVERSION = YES;
				CLANG_WARN_OBJC_IMPLICIT_RETAIN_SELF = YES;
				CLANG_WARN_OBJC_LITERAL_CONVERSION = YES;
				CLANG_WARN_OBJC_ROOT_CLASS = YES_ERROR;
				CLANG_WARN_QUOTED_INCLUDE_IN_FRAMEWORK_HEADER = YES;
				CLANG_WARN_RANGE_LOOP_ANALYSIS = YES;
				CLANG_WARN_STRICT_PROTOTYPES = YES;
				CLANG_WARN_SUSPICIOUS_MOVE = YES;
				CLANG_WARN_UNGUARDED_AVAILABILITY = YES_AGGRESSIVE;
				CLANG_WARN_UNREACHABLE_CODE = YES;
				CLANG_WARN__DUPLICATE_METHOD_MATCH = YES;
				COPY_PHASE_STRIP = NO;
				DEBUG_INFORMATION_FORMAT = dwarf;
				ENABLE_STRICT_OBJC_MSGSEND = YES;
				ENABLE_TESTABILITY = YES;
				ENABLE_USER_SCRIPT_SANDBOXING = YES;
				GCC_C_LANGUAGE_STANDARD = gnu17;
				GCC_DYNAMIC_NO_PIC = NO;
				GCC_NO_COMMON_BLOCKS = YES;
				GCC_OPTIMIZATION_LEVEL = 0;
				GCC_PREPROCESSOR_DEFINITIONS = (
					"DEBUG=1",
					"$(inherited)",
				);
				GCC_WARN_64_TO_32_BIT_CONVERSION = YES;
				GCC_WARN_ABOUT_RETURN_TYPE = YES_ERROR;
				GCC_WARN_UNDECLARED_SELECTOR = YES;
				GCC_WARN_UNINITIALIZED_AUTOS = YES_AGGRESSIVE;
				GCC_WARN_UNUSED_FUNCTION = YES;
				GCC_WARN_UNUSED_VARIABLE = YES;
				IPHONEOS_DEPLOYMENT_TARGET = 17.4;
				LOCALIZATION_PREFERS_STRING_CATALOGS = YES;
				MTL_ENABLE_DEBUG_INFO = INCLUDE_SOURCE;
				MTL_FAST_MATH = YES;
				ONLY_ACTIVE_ARCH = YES;
				SDKROOT = iphoneos;
				SWIFT_ACTIVE_COMPILATION_CONDITIONS = "DEBUG $(inherited)";
				SWIFT_OPTIMIZATION_LEVEL = "-Onone";
			};
			name = Debug;
		};
		2DF2B23E2BB565830056A57E /* Release */ = {
			isa = XCBuildConfiguration;
			buildSettings = {
				ALWAYS_SEARCH_USER_PATHS = NO;
				ASSETCATALOG_COMPILER_GENERATE_SWIFT_ASSET_SYMBOL_EXTENSIONS = YES;
				CLANG_ANALYZER_NONNULL = YES;
				CLANG_ANALYZER_NUMBER_OBJECT_CONVERSION = YES_AGGRESSIVE;
				CLANG_CXX_LANGUAGE_STANDARD = "gnu++20";
				CLANG_ENABLE_MODULES = YES;
				CLANG_ENABLE_OBJC_ARC = YES;
				CLANG_ENABLE_OBJC_WEAK = YES;
				CLANG_WARN_BLOCK_CAPTURE_AUTORELEASING = YES;
				CLANG_WARN_BOOL_CONVERSION = YES;
				CLANG_WARN_COMMA = YES;
				CLANG_WARN_CONSTANT_CONVERSION = YES;
				CLANG_WARN_DEPRECATED_OBJC_IMPLEMENTATIONS = YES;
				CLANG_WARN_DIRECT_OBJC_ISA_USAGE = YES_ERROR;
				CLANG_WARN_DOCUMENTATION_COMMENTS = YES;
				CLANG_WARN_EMPTY_BODY = YES;
				CLANG_WARN_ENUM_CONVERSION = YES;
				CLANG_WARN_INFINITE_RECURSION = YES;
				CLANG_WARN_INT_CONVERSION = YES;
				CLANG_WARN_NON_LITERAL_NULL_CONVERSION = YES;
				CLANG_WARN_OBJC_IMPLICIT_RETAIN_SELF = YES;
				CLANG_WARN_OBJC_LITERAL_CONVERSION = YES;
				CLANG_WARN_OBJC_ROOT_CLASS = YES_ERROR;
				CLANG_WARN_QUOTED_INCLUDE_IN_FRAMEWORK_HEADER = YES;
				CLANG_WARN_RANGE_LOOP_ANALYSIS = YES;
				CLANG_WARN_STRICT_PROTOTYPES = YES;
				CLANG_WARN_SUSPICIOUS_MOVE = YES;
				CLANG_WARN_UNGUARDED_AVAILABILITY = YES_AGGRESSIVE;
				CLANG_WARN_UNREACHABLE_CODE = YES;
				CLANG_WARN__DUPLICATE_METHOD_MATCH = YES;
				COPY_PHASE_STRIP = NO;
				DEBUG_INFORMATION_FORMAT = "dwarf-with-dsym";
				ENABLE_NS_ASSERTIONS = NO;
				ENABLE_STRICT_OBJC_MSGSEND = YES;
				ENABLE_USER_SCRIPT_SANDBOXING = YES;
				GCC_C_LANGUAGE_STANDARD = gnu17;
				GCC_NO_COMMON_BLOCKS = YES;
				GCC_WARN_64_TO_32_BIT_CONVERSION = YES;
				GCC_WARN_ABOUT_RETURN_TYPE = YES_ERROR;
				GCC_WARN_UNDECLARED_SELECTOR = YES;
				GCC_WARN_UNINITIALIZED_AUTOS = YES_AGGRESSIVE;
				GCC_WARN_UNUSED_FUNCTION = YES;
				GCC_WARN_UNUSED_VARIABLE = YES;
				IPHONEOS_DEPLOYMENT_TARGET = 17.4;
				LOCALIZATION_PREFERS_STRING_CATALOGS = YES;
				MTL_ENABLE_DEBUG_INFO = NO;
				MTL_FAST_MATH = YES;
				SDKROOT = iphoneos;
				SWIFT_COMPILATION_MODE = wholemodule;
				VALIDATE_PRODUCT = YES;
			};
			name = Release;
		};
		2DF2B2402BB565830056A57E /* Debug */ = {
			isa = XCBuildConfiguration;
			buildSettings = {
				ASSETCATALOG_COMPILER_APPICON_NAME = AppIcon;
				ASSETCATALOG_COMPILER_GLOBAL_ACCENT_COLOR_NAME = AccentColor;
				CODE_SIGN_STYLE = Automatic;
				CURRENT_PROJECT_VERSION = 1;
				DEVELOPMENT_TEAM = 6XDGB49394;
				GENERATE_INFOPLIST_FILE = YES;
				INFOPLIST_FILE = Splitwise/Info.plist;
				INFOPLIST_KEY_UIApplicationSupportsIndirectInputEvents = YES;
				INFOPLIST_KEY_UILaunchStoryboardName = LaunchScreen;
				INFOPLIST_KEY_UISupportedInterfaceOrientations_iPad = "UIInterfaceOrientationPortrait UIInterfaceOrientationPortraitUpsideDown UIInterfaceOrientationLandscapeLeft UIInterfaceOrientationLandscapeRight";
				INFOPLIST_KEY_UISupportedInterfaceOrientations_iPhone = "UIInterfaceOrientationPortrait UIInterfaceOrientationLandscapeLeft UIInterfaceOrientationLandscapeRight";
				LD_RUNPATH_SEARCH_PATHS = (
					"$(inherited)",
					"@executable_path/Frameworks",
				);
				MARKETING_VERSION = 1.0;
				PRODUCT_BUNDLE_IDENTIFIER = com.akshayrathi.Splitwise;
				PRODUCT_NAME = "$(TARGET_NAME)";
				SWIFT_EMIT_LOC_STRINGS = YES;
				SWIFT_VERSION = 5.0;
				TARGETED_DEVICE_FAMILY = "1,2";
			};
			name = Debug;
		};
		2DF2B2412BB565830056A57E /* Release */ = {
			isa = XCBuildConfiguration;
			buildSettings = {
				ASSETCATALOG_COMPILER_APPICON_NAME = AppIcon;
				ASSETCATALOG_COMPILER_GLOBAL_ACCENT_COLOR_NAME = AccentColor;
				CODE_SIGN_STYLE = Automatic;
				CURRENT_PROJECT_VERSION = 1;
				DEVELOPMENT_TEAM = 6XDGB49394;
				GENERATE_INFOPLIST_FILE = YES;
				INFOPLIST_FILE = Splitwise/Info.plist;
				INFOPLIST_KEY_UIApplicationSupportsIndirectInputEvents = YES;
				INFOPLIST_KEY_UILaunchStoryboardName = LaunchScreen;
				INFOPLIST_KEY_UISupportedInterfaceOrientations_iPad = "UIInterfaceOrientationPortrait UIInterfaceOrientationPortraitUpsideDown UIInterfaceOrientationLandscapeLeft UIInterfaceOrientationLandscapeRight";
				INFOPLIST_KEY_UISupportedInterfaceOrientations_iPhone = "UIInterfaceOrientationPortrait UIInterfaceOrientationLandscapeLeft UIInterfaceOrientationLandscapeRight";
				LD_RUNPATH_SEARCH_PATHS = (
					"$(inherited)",
					"@executable_path/Frameworks",
				);
				MARKETING_VERSION = 1.0;
				PRODUCT_BUNDLE_IDENTIFIER = com.akshayrathi.Splitwise;
				PRODUCT_NAME = "$(TARGET_NAME)";
				SWIFT_EMIT_LOC_STRINGS = YES;
				SWIFT_VERSION = 5.0;
				TARGETED_DEVICE_FAMILY = "1,2";
			};
			name = Release;
		};
		2DF2B2432BB565830056A57E /* Debug */ = {
			isa = XCBuildConfiguration;
			buildSettings = {
				ALWAYS_EMBED_SWIFT_STANDARD_LIBRARIES = YES;
				BUNDLE_LOADER = "$(TEST_HOST)";
				CODE_SIGN_STYLE = Automatic;
				CURRENT_PROJECT_VERSION = 1;
				DEVELOPMENT_TEAM = 6XDGB49394;
				GENERATE_INFOPLIST_FILE = YES;
				IPHONEOS_DEPLOYMENT_TARGET = 17.4;
				MARKETING_VERSION = 1.0;
				PRODUCT_BUNDLE_IDENTIFIER = com.akshayrathi.SplitwiseTests;
				PRODUCT_NAME = "$(TARGET_NAME)";
				SWIFT_EMIT_LOC_STRINGS = NO;
				SWIFT_VERSION = 5.0;
				TARGETED_DEVICE_FAMILY = "1,2";
				TEST_HOST = "$(BUILT_PRODUCTS_DIR)/Splitwise.app/$(BUNDLE_EXECUTABLE_FOLDER_PATH)/Splitwise";
			};
			name = Debug;
		};
		2DF2B2442BB565830056A57E /* Release */ = {
			isa = XCBuildConfiguration;
			buildSettings = {
				ALWAYS_EMBED_SWIFT_STANDARD_LIBRARIES = YES;
				BUNDLE_LOADER = "$(TEST_HOST)";
				CODE_SIGN_STYLE = Automatic;
				CURRENT_PROJECT_VERSION = 1;
				DEVELOPMENT_TEAM = 6XDGB49394;
				GENERATE_INFOPLIST_FILE = YES;
				IPHONEOS_DEPLOYMENT_TARGET = 17.4;
				MARKETING_VERSION = 1.0;
				PRODUCT_BUNDLE_IDENTIFIER = com.akshayrathi.SplitwiseTests;
				PRODUCT_NAME = "$(TARGET_NAME)";
				SWIFT_EMIT_LOC_STRINGS = NO;
				SWIFT_VERSION = 5.0;
				TARGETED_DEVICE_FAMILY = "1,2";
				TEST_HOST = "$(BUILT_PRODUCTS_DIR)/Splitwise.app/$(BUNDLE_EXECUTABLE_FOLDER_PATH)/Splitwise";
			};
			name = Release;
		};
		2DF2B2462BB565830056A57E /* Debug */ = {
			isa = XCBuildConfiguration;
			buildSettings = {
				ALWAYS_EMBED_SWIFT_STANDARD_LIBRARIES = YES;
				CODE_SIGN_STYLE = Automatic;
				CURRENT_PROJECT_VERSION = 1;
				DEVELOPMENT_TEAM = 6XDGB49394;
				GENERATE_INFOPLIST_FILE = YES;
				MARKETING_VERSION = 1.0;
				PRODUCT_BUNDLE_IDENTIFIER = com.akshayrathi.SplitwiseUITests;
				PRODUCT_NAME = "$(TARGET_NAME)";
				SWIFT_EMIT_LOC_STRINGS = NO;
				SWIFT_VERSION = 5.0;
				TARGETED_DEVICE_FAMILY = "1,2";
				TEST_TARGET_NAME = Splitwise;
			};
			name = Debug;
		};
		2DF2B2472BB565830056A57E /* Release */ = {
			isa = XCBuildConfiguration;
			buildSettings = {
				ALWAYS_EMBED_SWIFT_STANDARD_LIBRARIES = YES;
				CODE_SIGN_STYLE = Automatic;
				CURRENT_PROJECT_VERSION = 1;
				DEVELOPMENT_TEAM = 6XDGB49394;
				GENERATE_INFOPLIST_FILE = YES;
				MARKETING_VERSION = 1.0;
				PRODUCT_BUNDLE_IDENTIFIER = com.akshayrathi.SplitwiseUITests;
				PRODUCT_NAME = "$(TARGET_NAME)";
				SWIFT_EMIT_LOC_STRINGS = NO;
				SWIFT_VERSION = 5.0;
				TARGETED_DEVICE_FAMILY = "1,2";
				TEST_TARGET_NAME = Splitwise;
			};
			name = Release;
		};
/* End XCBuildConfiguration section */

/* Begin XCConfigurationList section */
		2DF2B2102BB565810056A57E /* Build configuration list for PBXProject "Splitwise" */ = {
			isa = XCConfigurationList;
			buildConfigurations = (
				2DF2B23D2BB565830056A57E /* Debug */,
				2DF2B23E2BB565830056A57E /* Release */,
			);
			defaultConfigurationIsVisible = 0;
			defaultConfigurationName = Release;
		};
		2DF2B23F2BB565830056A57E /* Build configuration list for PBXNativeTarget "Splitwise" */ = {
			isa = XCConfigurationList;
			buildConfigurations = (
				2DF2B2402BB565830056A57E /* Debug */,
				2DF2B2412BB565830056A57E /* Release */,
			);
			defaultConfigurationIsVisible = 0;
			defaultConfigurationName = Release;
		};
		2DF2B2422BB565830056A57E /* Build configuration list for PBXNativeTarget "SplitwiseTests" */ = {
			isa = XCConfigurationList;
			buildConfigurations = (
				2DF2B2432BB565830056A57E /* Debug */,
				2DF2B2442BB565830056A57E /* Release */,
			);
			defaultConfigurationIsVisible = 0;
			defaultConfigurationName = Release;
		};
		2DF2B2452BB565830056A57E /* Build configuration list for PBXNativeTarget "SplitwiseUITests" */ = {
			isa = XCConfigurationList;
			buildConfigurations = (
				2DF2B2462BB565830056A57E /* Debug */,
				2DF2B2472BB565830056A57E /* Release */,
			);
			defaultConfigurationIsVisible = 0;
			defaultConfigurationName = Release;
		};
/* End XCConfigurationList section */

/* Begin XCRemoteSwiftPackageReference section */
		2DF2B24C2BB567670056A57E /* XCRemoteSwiftPackageReference "SnapKit" */ = {
			isa = XCRemoteSwiftPackageReference;
			repositoryURL = "https://github.com/SnapKit/SnapKit";
			requirement = {
				kind = upToNextMajorVersion;
				minimumVersion = 5.7.1;
			};
		};
/* End XCRemoteSwiftPackageReference section */

/* Begin XCSwiftPackageProductDependency section */
		2DF2B24D2BB567670056A57E /* SnapKit */ = {
			isa = XCSwiftPackageProductDependency;
			package = 2DF2B24C2BB567670056A57E /* XCRemoteSwiftPackageReference "SnapKit" */;
			productName = SnapKit;
		};
		2DF2B24F2BB567670056A57E /* SnapKit-Dynamic */ = {
			isa = XCSwiftPackageProductDependency;
			package = 2DF2B24C2BB567670056A57E /* XCRemoteSwiftPackageReference "SnapKit" */;
			productName = "SnapKit-Dynamic";
		};
/* End XCSwiftPackageProductDependency section */
	};
	rootObject = 2DF2B20D2BB565810056A57E /* Project object */;
}
